$begin 'ConnectionParameters'
	DesktopProcessID=21184
	DesktopProcessPath='C:\\Program Files\\ANSYS Inc\\v251\\AnsysEM\\ansysedt.exe'
	LaunchedByWB=false
	GRPCPort=50051
	$begin 'DesktopStubBlock'
		$begin 'CommDetails'
			TransportType=1
			IPAddress='10.218.101.15'
			ListenPort='50135'
		$end 'CommDetails'
		$begin 'Marshall'
			InstanceID=503
			ProcID=21184
			InterfaceID=1
			FactoryIntID='DesktopInterfaceForWBProxyStubFactory'
		$end 'Marshall'
	$end 'DesktopStubBlock'
	$begin 'DesktopBackgroundObjStubBlock'
		$begin 'CommDetails'
			TransportType=1
			IPAddress='10.218.101.15'
			ListenPort='50135'
		$end 'CommDetails'
		$begin 'Marshall'
			InstanceID=505
			ProcID=21184
			InterfaceID=2
			FactoryIntID='DesktopInterfaceForWBProxyStubFactory'
		$end 'Marshall'
	$end 'DesktopBackgroundObjStubBlock'
$end 'ConnectionParameters'
